
Microsoft Visual Studio Solution File, Format Version 12.00
# Visual Studio Version 16
VisualStudioVersion = 16.0.29503.13
MinimumVisualStudioVersion = 10.0.40219.1
Project("{9A19103F-16F7-4668-BE54-9A1E7A4F7556}") = "PubSub.Server.Core", "Core\Server\UnityChatApi.Server.Core\PubSub.Server.Core.csproj", "{9AFC8816-96A4-4BBD-8DF3-CC5B0C4E3DA3}"
EndProject
Project("{9A19103F-16F7-4668-BE54-9A1E7A4F7556}") = "PubSub.Server", "Core\Server\UnityChatApi.Server\PubSub.Server.csproj", "{CF90C11B-DB13-4945-B4C7-7DBE9804AF62}"
EndProject
Project("{2150E333-8FDC-42A3-9474-1A3956D46DE8}") = "Core", "Core", "{D23CA2C0-B82B-4B2C-9B3C-A8254979596E}"
EndProject
Project("{2150E333-8FDC-42A3-9474-1A3956D46DE8}") = "a. Server", "a. Server", "{481ECEB1-0654-4B71-A656-78311506F765}"
EndProject
Project("{2150E333-8FDC-42A3-9474-1A3956D46DE8}") = "b. Commons", "b. Commons", "{E5EACD5C-0F13-4DBB-8036-38581AA44F64}"
EndProject
Project("{2150E333-8FDC-42A3-9474-1A3956D46DE8}") = "Tests", "Tests", "{E0DD91DE-10E1-4A58-A9DC-3EF888208A35}"
EndProject
Project("{2150E333-8FDC-42A3-9474-1A3956D46DE8}") = "Experiments", "Experiments", "{EBCF0E04-3359-452F-B9DB-31C1069C0B03}"
EndProject
Project("{2150E333-8FDC-42A3-9474-1A3956D46DE8}") = "a. DataAccess", "a. DataAccess", "{1752EAC4-6B82-403B-987C-9F9500F3A9D9}"
EndProject
Project("{2150E333-8FDC-42A3-9474-1A3956D46DE8}") = "b. Conventions", "b. Conventions", "{914B3E70-302A-4FB5-BCF2-B111D197CFBB}"
EndProject
Project("{2150E333-8FDC-42A3-9474-1A3956D46DE8}") = "c. Models", "c. Models", "{5E42EBAE-639F-46FE-B6F2-2F334E2944B8}"
EndProject
Project("{2150E333-8FDC-42A3-9474-1A3956D46DE8}") = "d. Extensions", "d. Extensions", "{BBAAA1D2-A0B4-4263-9709-14BB834759D3}"
EndProject
Project("{2150E333-8FDC-42A3-9474-1A3956D46DE8}") = "e. Proxies", "e. Proxies", "{5281AA6E-719A-441D-935E-CF9AEFBD7EAE}"
EndProject
Project("{2150E333-8FDC-42A3-9474-1A3956D46DE8}") = "f. Interfaces", "f. Interfaces", "{7D9BD34B-7B59-4839-8875-2299D7018A03}"
EndProject
Project("{9A19103F-16F7-4668-BE54-9A1E7A4F7556}") = "PubSub.Extensions", "Core\Commons\UnityChatApi.Extensions\PubSub.Extensions.csproj", "{63F2A163-EB2C-41D7-A279-95C1C42DFDA2}"
EndProject
Project("{9A19103F-16F7-4668-BE54-9A1E7A4F7556}") = "PubSub.Conventions", "Core\Commons\UnityChatApi.Conventions\PubSub.Conventions.csproj", "{554764B6-44CB-4529-8648-573EA515A825}"
EndProject
Project("{2150E333-8FDC-42A3-9474-1A3956D46DE8}") = "Doc", "Doc", "{A01C0CD3-4032-4619-9F66-D60B82E2A276}"
EndProject
Project("{9A19103F-16F7-4668-BE54-9A1E7A4F7556}") = "PubSub.Routes", "Core\Commons\UnityChatApi.Routes\PubSub.Routes.csproj", "{9970791B-01AC-407C-A91A-415DD1992718}"
EndProject
Project("{9A19103F-16F7-4668-BE54-9A1E7A4F7556}") = "PubSub.Models", "Core\Commons\UnityChatApi.Models\PubSub.Models.csproj", "{863792E0-A689-4BBC-B3D0-785A82CA93D7}"
EndProject
Project("{9A19103F-16F7-4668-BE54-9A1E7A4F7556}") = "PubSub.DataAccess", "Core\Commons\UnityChatApi.DataAccess\PubSub.DataAccess.csproj", "{1BDB46E3-915F-400B-B6AA-6F27939FAEA2}"
EndProject
Project("{9A19103F-16F7-4668-BE54-9A1E7A4F7556}") = "PubSub.Interfaces", "Core\Commons\UnityChatApi.Interfaces\PubSub.Interfaces.csproj", "{808AFFE5-003A-4D52-9A23-E2C9CBA1B08F}"
EndProject
Global
	GlobalSection(SolutionConfigurationPlatforms) = preSolution
		Debug|Any CPU = Debug|Any CPU
		Release|Any CPU = Release|Any CPU
	EndGlobalSection
	GlobalSection(ProjectConfigurationPlatforms) = postSolution
		{9AFC8816-96A4-4BBD-8DF3-CC5B0C4E3DA3}.Debug|Any CPU.ActiveCfg = Debug|Any CPU
		{9AFC8816-96A4-4BBD-8DF3-CC5B0C4E3DA3}.Debug|Any CPU.Build.0 = Debug|Any CPU
		{9AFC8816-96A4-4BBD-8DF3-CC5B0C4E3DA3}.Release|Any CPU.ActiveCfg = Release|Any CPU
		{9AFC8816-96A4-4BBD-8DF3-CC5B0C4E3DA3}.Release|Any CPU.Build.0 = Release|Any CPU
		{CF90C11B-DB13-4945-B4C7-7DBE9804AF62}.Debug|Any CPU.ActiveCfg = Debug|Any CPU
		{CF90C11B-DB13-4945-B4C7-7DBE9804AF62}.Debug|Any CPU.Build.0 = Debug|Any CPU
		{CF90C11B-DB13-4945-B4C7-7DBE9804AF62}.Release|Any CPU.ActiveCfg = Release|Any CPU
		{CF90C11B-DB13-4945-B4C7-7DBE9804AF62}.Release|Any CPU.Build.0 = Release|Any CPU
		{63F2A163-EB2C-41D7-A279-95C1C42DFDA2}.Debug|Any CPU.ActiveCfg = Debug|Any CPU
		{63F2A163-EB2C-41D7-A279-95C1C42DFDA2}.Debug|Any CPU.Build.0 = Debug|Any CPU
		{63F2A163-EB2C-41D7-A279-95C1C42DFDA2}.Release|Any CPU.ActiveCfg = Release|Any CPU
		{63F2A163-EB2C-41D7-A279-95C1C42DFDA2}.Release|Any CPU.Build.0 = Release|Any CPU
		{554764B6-44CB-4529-8648-573EA515A825}.Debug|Any CPU.ActiveCfg = Debug|Any CPU
		{554764B6-44CB-4529-8648-573EA515A825}.Debug|Any CPU.Build.0 = Debug|Any CPU
		{554764B6-44CB-4529-8648-573EA515A825}.Release|Any CPU.ActiveCfg = Release|Any CPU
		{554764B6-44CB-4529-8648-573EA515A825}.Release|Any CPU.Build.0 = Release|Any CPU
		{9970791B-01AC-407C-A91A-415DD1992718}.Debug|Any CPU.ActiveCfg = Debug|Any CPU
		{9970791B-01AC-407C-A91A-415DD1992718}.Debug|Any CPU.Build.0 = Debug|Any CPU
		{9970791B-01AC-407C-A91A-415DD1992718}.Release|Any CPU.ActiveCfg = Release|Any CPU
		{9970791B-01AC-407C-A91A-415DD1992718}.Release|Any CPU.Build.0 = Release|Any CPU
		{863792E0-A689-4BBC-B3D0-785A82CA93D7}.Debug|Any CPU.ActiveCfg = Debug|Any CPU
		{863792E0-A689-4BBC-B3D0-785A82CA93D7}.Debug|Any CPU.Build.0 = Debug|Any CPU
		{863792E0-A689-4BBC-B3D0-785A82CA93D7}.Release|Any CPU.ActiveCfg = Release|Any CPU
		{863792E0-A689-4BBC-B3D0-785A82CA93D7}.Release|Any CPU.Build.0 = Release|Any CPU
		{1BDB46E3-915F-400B-B6AA-6F27939FAEA2}.Debug|Any CPU.ActiveCfg = Debug|Any CPU
		{1BDB46E3-915F-400B-B6AA-6F27939FAEA2}.Debug|Any CPU.Build.0 = Debug|Any CPU
		{1BDB46E3-915F-400B-B6AA-6F27939FAEA2}.Release|Any CPU.ActiveCfg = Release|Any CPU
		{1BDB46E3-915F-400B-B6AA-6F27939FAEA2}.Release|Any CPU.Build.0 = Release|Any CPU
		{808AFFE5-003A-4D52-9A23-E2C9CBA1B08F}.Debug|Any CPU.ActiveCfg = Debug|Any CPU
		{808AFFE5-003A-4D52-9A23-E2C9CBA1B08F}.Debug|Any CPU.Build.0 = Debug|Any CPU
		{808AFFE5-003A-4D52-9A23-E2C9CBA1B08F}.Release|Any CPU.ActiveCfg = Release|Any CPU
		{808AFFE5-003A-4D52-9A23-E2C9CBA1B08F}.Release|Any CPU.Build.0 = Release|Any CPU
	EndGlobalSection
	GlobalSection(SolutionProperties) = preSolution
		HideSolutionNode = FALSE
	EndGlobalSection
	GlobalSection(NestedProjects) = preSolution
		{9AFC8816-96A4-4BBD-8DF3-CC5B0C4E3DA3} = {481ECEB1-0654-4B71-A656-78311506F765}
		{CF90C11B-DB13-4945-B4C7-7DBE9804AF62} = {481ECEB1-0654-4B71-A656-78311506F765}
		{481ECEB1-0654-4B71-A656-78311506F765} = {D23CA2C0-B82B-4B2C-9B3C-A8254979596E}
		{E5EACD5C-0F13-4DBB-8036-38581AA44F64} = {D23CA2C0-B82B-4B2C-9B3C-A8254979596E}
		{1752EAC4-6B82-403B-987C-9F9500F3A9D9} = {E5EACD5C-0F13-4DBB-8036-38581AA44F64}
		{914B3E70-302A-4FB5-BCF2-B111D197CFBB} = {E5EACD5C-0F13-4DBB-8036-38581AA44F64}
		{5E42EBAE-639F-46FE-B6F2-2F334E2944B8} = {E5EACD5C-0F13-4DBB-8036-38581AA44F64}
		{BBAAA1D2-A0B4-4263-9709-14BB834759D3} = {E5EACD5C-0F13-4DBB-8036-38581AA44F64}
		{5281AA6E-719A-441D-935E-CF9AEFBD7EAE} = {E5EACD5C-0F13-4DBB-8036-38581AA44F64}
		{7D9BD34B-7B59-4839-8875-2299D7018A03} = {E5EACD5C-0F13-4DBB-8036-38581AA44F64}
		{63F2A163-EB2C-41D7-A279-95C1C42DFDA2} = {BBAAA1D2-A0B4-4263-9709-14BB834759D3}
		{554764B6-44CB-4529-8648-573EA515A825} = {914B3E70-302A-4FB5-BCF2-B111D197CFBB}
		{9970791B-01AC-407C-A91A-415DD1992718} = {914B3E70-302A-4FB5-BCF2-B111D197CFBB}
		{863792E0-A689-4BBC-B3D0-785A82CA93D7} = {5E42EBAE-639F-46FE-B6F2-2F334E2944B8}
		{1BDB46E3-915F-400B-B6AA-6F27939FAEA2} = {1752EAC4-6B82-403B-987C-9F9500F3A9D9}
		{808AFFE5-003A-4D52-9A23-E2C9CBA1B08F} = {7D9BD34B-7B59-4839-8875-2299D7018A03}
	EndGlobalSection
	GlobalSection(ExtensibilityGlobals) = postSolution
		SolutionGuid = {6822DF34-5EDB-48B5-BF60-2F1067FE2B66}
	EndGlobalSection
EndGlobal
