
Microsoft Visual Studio Solution File, Format Version 12.00
# Visual Studio Version 16
VisualStudioVersion = 16.0.29503.13
MinimumVisualStudioVersion = 10.0.40219.1
Project("{9A19103F-16F7-4668-BE54-9A1E7A4F7556}") = "PubSubSharp.Server", "Core\PubSubSharp.Server.csproj", "{CF90C11B-DB13-4945-B4C7-7DBE9804AF62}"
EndProject
Global
	GlobalSection(SolutionConfigurationPlatforms) = preSolution
		Debug|Any CPU = Debug|Any CPU
		Release|Any CPU = Release|Any CPU
	EndGlobalSection
	GlobalSection(ProjectConfigurationPlatforms) = postSolution
		{CF90C11B-DB13-4945-B4C7-7DBE9804AF62}.Debug|Any CPU.ActiveCfg = Debug|Any CPU
		{CF90C11B-DB13-4945-B4C7-7DBE9804AF62}.Debug|Any CPU.Build.0 = Debug|Any CPU
		{CF90C11B-DB13-4945-B4C7-7DBE9804AF62}.Release|Any CPU.ActiveCfg = Release|Any CPU
		{CF90C11B-DB13-4945-B4C7-7DBE9804AF62}.Release|Any CPU.Build.0 = Release|Any CPU
	EndGlobalSection
	GlobalSection(SolutionProperties) = preSolution
		HideSolutionNode = FALSE
	EndGlobalSection
	GlobalSection(NestedProjects) = preSolution
		{CF90C11B-DB13-4945-B4C7-7DBE9804AF62} = {481ECEB1-0654-4B71-A656-78311506F765}
	EndGlobalSection
	GlobalSection(ExtensibilityGlobals) = postSolution
		SolutionGuid = {6822DF34-5EDB-48B5-BF60-2F1067FE2B66}
	EndGlobalSection
EndGlobal
